Microsoft Visual Studio Solution File, Format Version 12.00
# Visual Studio Version 16
VisualStudioVersion = 16.0.29905.134
MinimumVisualStudioVersion = 10.0.40219.1
Project("{8BC9CEB8-8B4A-11D0-8D11-00A0C91BC942}") = "C112MID01Q01", "C112MID01Q01\C112MID01Q01.vcxproj", "{31BE0C44-A368-4812-87DF-4EAA9B9EDBCF}"
EndProject
Project("{8BC9CEB8-8B4A-11D0-8D11-00A0C91BC942}") = "C112MID01Q02", "C112MID01Q02\C112MID01Q02.vcxproj", "{8021D159-6D46-4625-A7C4-BF1DD42EDA79}"
EndProject
Project("{8BC9CEB8-8B4A-11D0-8D11-00A0C91BC942}") = "C112MID01Q03", "C112MID01Q03\C112MID01Q03.vcxproj", "{FAA1B492-E8F3-4F3A-9F1F-98AF44563CB5}"
EndProject
Project("{8BC9CEB8-8B4A-11D0-8D11-00A0C91BC942}") = "C112MID01Q04", "C112MID01Q04\C112MID01Q04.vcxproj", "{BFBF692A-B2E8-47B5-A33B-0581360DC812}"
EndProject
Project("{8BC9CEB8-8B4A-11D0-8D11-00A0C91BC942}") = "C112MID01Q05", "C112MID01Q05\C112MID01Q05.vcxproj", "{B1AA4273-56B9-4776-A019-8133D044C579}"
EndProject
Project("{8BC9CEB8-8B4A-11D0-8D11-00A0C91BC942}") = "C112MID01Q06", "C112MID01Q06\C112MID01Q06.vcxproj", "{3F83D305-5FC2-4AF0-9157-A9D9D0EDF8F9}"
EndProject
Global
	GlobalSection(SolutionConfigurationPlatforms) = preSolution
		Debug|x64 = Debug|x64
		Debug|x86 = Debug|x86
		Release|x64 = Release|x64
		Release|x86 = Release|x86
	EndGlobalSection
	GlobalSection(ProjectConfigurationPlatforms) = postSolution
		{31BE0C44-A368-4812-87DF-4EAA9B9EDBCF}.Debug|x64.ActiveCfg = Debug|x64
		{31BE0C44-A368-4812-87DF-4EAA9B9EDBCF}.Debug|x64.Build.0 = Debug|x64
		{31BE0C44-A368-4812-87DF-4EAA9B9EDBCF}.Debug|x86.ActiveCfg = Debug|Win32
		{31BE0C44-A368-4812-87DF-4EAA9B9EDBCF}.Debug|x86.Build.0 = Debug|Win32
		{31BE0C44-A368-4812-87DF-4EAA9B9EDBCF}.Release|x64.ActiveCfg = Release|x64
		{31BE0C44-A368-4812-87DF-4EAA9B9EDBCF}.Release|x64.Build.0 = Release|x64
		{31BE0C44-A368-4812-87DF-4EAA9B9EDBCF}.Release|x86.ActiveCfg = Release|Win32
		{31BE0C44-A368-4812-87DF-4EAA9B9EDBCF}.Release|x86.Build.0 = Release|Win32
		{8021D159-6D46-4625-A7C4-BF1DD42EDA79}.Debug|x64.ActiveCfg = Debug|x64
		{8021D159-6D46-4625-A7C4-BF1DD42EDA79}.Debug|x64.Build.0 = Debug|x64
		{8021D159-6D46-4625-A7C4-BF1DD42EDA79}.Debug|x86.ActiveCfg = Debug|Win32
		{8021D159-6D46-4625-A7C4-BF1DD42EDA79}.Debug|x86.Build.0 = Debug|Win32
		{8021D159-6D46-4625-A7C4-BF1DD42EDA79}.Release|x64.ActiveCfg = Release|x64
		{8021D159-6D46-4625-A7C4-BF1DD42EDA79}.Release|x64.Build.0 = Release|x64
		{8021D159-6D46-4625-A7C4-BF1DD42EDA79}.Release|x86.ActiveCfg = Release|Win32
		{8021D159-6D46-4625-A7C4-BF1DD42EDA79}.Release|x86.Build.0 = Release|Win32
		{FAA1B492-E8F3-4F3A-9F1F-98AF44563CB5}.Debug|x64.ActiveCfg = Debug|x64
		{FAA1B492-E8F3-4F3A-9F1F-98AF44563CB5}.Debug|x64.Build.0 = Debug|x64
		{FAA1B492-E8F3-4F3A-9F1F-98AF44563CB5}.Debug|x86.ActiveCfg = Debug|Win32
		{FAA1B492-E8F3-4F3A-9F1F-98AF44563CB5}.Debug|x86.Build.0 = Debug|Win32
		{FAA1B492-E8F3-4F3A-9F1F-98AF44563CB5}.Release|x64.ActiveCfg = Release|x64
		{FAA1B492-E8F3-4F3A-9F1F-98AF44563CB5}.Release|x64.Build.0 = Release|x64
		{FAA1B492-E8F3-4F3A-9F1F-98AF44563CB5}.Release|x86.ActiveCfg = Release|Win32
		{FAA1B492-E8F3-4F3A-9F1F-98AF44563CB5}.Release|x86.Build.0 = Release|Win32
		{BFBF692A-B2E8-47B5-A33B-0581360DC812}.Debug|x64.ActiveCfg = Debug|x64
		{BFBF692A-B2E8-47B5-A33B-0581360DC812}.Debug|x64.Build.0 = Debug|x64
		{BFBF692A-B2E8-47B5-A33B-0581360DC812}.Debug|x86.ActiveCfg = Debug|Win32
		{BFBF692A-B2E8-47B5-A33B-0581360DC812}.Debug|x86.Build.0 = Debug|Win32
		{BFBF692A-B2E8-47B5-A33B-0581360DC812}.Release|x64.ActiveCfg = Release|x64
		{BFBF692A-B2E8-47B5-A33B-0581360DC812}.Release|x64.Build.0 = Release|x64
		{BFBF692A-B2E8-47B5-A33B-0581360DC812}.Release|x86.ActiveCfg = Release|Win32
		{BFBF692A-B2E8-47B5-A33B-0581360DC812}.Release|x86.Build.0 = Release|Win32
		{B1AA4273-56B9-4776-A019-8133D044C579}.Debug|x64.ActiveCfg = Debug|x64
		{B1AA4273-56B9-4776-A019-8133D044C579}.Debug|x64.Build.0 = Debug|x64
		{B1AA4273-56B9-4776-A019-8133D044C579}.Debug|x86.ActiveCfg = Debug|Win32
		{B1AA4273-56B9-4776-A019-8133D044C579}.Debug|x86.Build.0 = Debug|Win32
		{B1AA4273-56B9-4776-A019-8133D044C579}.Release|x64.ActiveCfg = Release|x64
		{B1AA4273-56B9-4776-A019-8133D044C579}.Release|x64.Build.0 = Release|x64
		{B1AA4273-56B9-4776-A019-8133D044C579}.Release|x86.ActiveCfg = Release|Win32
		{B1AA4273-56B9-4776-A019-8133D044C579}.Release|x86.Build.0 = Release|Win32
		{3F83D305-5FC2-4AF0-9157-A9D9D0EDF8F9}.Debug|x64.ActiveCfg = Debug|x64
		{3F83D305-5FC2-4AF0-9157-A9D9D0EDF8F9}.Debug|x64.Build.0 = Debug|x64
		{3F83D305-5FC2-4AF0-9157-A9D9D0EDF8F9}.Debug|x86.ActiveCfg = Debug|Win32
		{3F83D305-5FC2-4AF0-9157-A9D9D0EDF8F9}.Debug|x86.Build.0 = Debug|Win32
		{3F83D305-5FC2-4AF0-9157-A9D9D0EDF8F9}.Release|x64.ActiveCfg = Release|x64
		{3F83D305-5FC2-4AF0-9157-A9D9D0EDF8F9}.Release|x64.Build.0 = Release|x64
		{3F83D305-5FC2-4AF0-9157-A9D9D0EDF8F9}.Release|x86.ActiveCfg = Release|Win32
		{3F83D305-5FC2-4AF0-9157-A9D9D0EDF8F9}.Release|x86.Build.0 = Release|Win32
	EndGlobalSection
	GlobalSection(SolutionProperties) = preSolution
		HideSolutionNode = FALSE
	EndGlobalSection
	GlobalSection(ExtensibilityGlobals) = postSolution
		SolutionGuid = {C190ABE0-2AC2-4041-AA82-893F5F3C1E36}
	EndGlobalSection
EndGlobal
